
Microsoft Visual Studio Solution File, Format Version 12.00
# Visual Studio Version 17
VisualStudioVersion = 17.8.34330.188
MinimumVisualStudioVersion = 10.0.40219.1
Project("{9A19103F-16F7-4668-BE54-9A1E7A4F7556}") = "BasicWPFApp.Presentation", "BasicWPFApp.WPF\BasicWPFApp.Presentation.csproj", "{538B5E24-D903-4DB8-9956-EDE8CAC2274C}"
EndProject
Project("{2150E333-8FDC-42A3-9474-1A3956D46DE8}") = "src", "src", "{30F03AB0-6ECE-4013-9D92-F5C6783EB7E1}"
EndProject
Project("{2150E333-8FDC-42A3-9474-1A3956D46DE8}") = "tst", "tst", "{C366C030-56A2-4C5A-81A5-FEF3BD67B428}"
EndProject
Project("{9A19103F-16F7-4668-BE54-9A1E7A4F7556}") = "BasicWPFApp.Domain", "BasicWPFApp.Core\BasicWPFApp.Domain.csproj", "{92EACAC0-4500-4D83-BD49-5754A50DAA20}"
EndProject
Project("{9A19103F-16F7-4668-BE54-9A1E7A4F7556}") = "BasicWPFApp.Infrastructure", "BasicWPFApp.Persistence\BasicWPFApp.Infrastructure.csproj", "{D42086F9-ABD9-48F6-8FFB-0D992F3647D1}"
EndProject
Project("{FAE04EC0-301F-11D3-BF4B-00C04F79EFBC}") = "BasicWPFApp.Application", "BasicWPFApp.Application\BasicWPFApp.Application.csproj", "{78F441E0-05E1-4F8F-A5C6-00017DACADA7}"
EndProject
Project("{FAE04EC0-301F-11D3-BF4B-00C04F79EFBC}") = "BasicWPFApp.Infrastructure.IntegrationTests", "BasicWPFApp.Infrastructure.IntegrationTests\BasicWPFApp.Infrastructure.IntegrationTests.csproj", "{900DF2C3-6701-4D28-804F-86D4DA739356}"
EndProject
Project("{FAE04EC0-301F-11D3-BF4B-00C04F79EFBC}") = "BasicWPFApp.Application.UnitTests", "BasicWPFApp.Application.UnitTests\BasicWPFApp.Application.UnitTests.csproj", "{798E7CD8-7853-465B-8560-C9D1B4F5C8AD}"
EndProject
Project("{FAE04EC0-301F-11D3-BF4B-00C04F79EFBC}") = "BasicWPFApp.Domain.UnitTests", "BasicWPFApp.Domain.UnitTests\BasicWPFApp.Domain.UnitTests.csproj", "{2F990E19-7B95-442A-AC62-A88F74280AF1}"
EndProject
Global
	GlobalSection(SolutionConfigurationPlatforms) = preSolution
		Debug|Any CPU = Debug|Any CPU
		Release|Any CPU = Release|Any CPU
	EndGlobalSection
	GlobalSection(ProjectConfigurationPlatforms) = postSolution
		{538B5E24-D903-4DB8-9956-EDE8CAC2274C}.Debug|Any CPU.ActiveCfg = Debug|Any CPU
		{538B5E24-D903-4DB8-9956-EDE8CAC2274C}.Debug|Any CPU.Build.0 = Debug|Any CPU
		{538B5E24-D903-4DB8-9956-EDE8CAC2274C}.Release|Any CPU.ActiveCfg = Release|Any CPU
		{538B5E24-D903-4DB8-9956-EDE8CAC2274C}.Release|Any CPU.Build.0 = Release|Any CPU
		{92EACAC0-4500-4D83-BD49-5754A50DAA20}.Debug|Any CPU.ActiveCfg = Debug|Any CPU
		{92EACAC0-4500-4D83-BD49-5754A50DAA20}.Debug|Any CPU.Build.0 = Debug|Any CPU
		{92EACAC0-4500-4D83-BD49-5754A50DAA20}.Release|Any CPU.ActiveCfg = Release|Any CPU
		{92EACAC0-4500-4D83-BD49-5754A50DAA20}.Release|Any CPU.Build.0 = Release|Any CPU
		{D42086F9-ABD9-48F6-8FFB-0D992F3647D1}.Debug|Any CPU.ActiveCfg = Debug|Any CPU
		{D42086F9-ABD9-48F6-8FFB-0D992F3647D1}.Debug|Any CPU.Build.0 = Debug|Any CPU
		{D42086F9-ABD9-48F6-8FFB-0D992F3647D1}.Release|Any CPU.ActiveCfg = Release|Any CPU
		{D42086F9-ABD9-48F6-8FFB-0D992F3647D1}.Release|Any CPU.Build.0 = Release|Any CPU
		{78F441E0-05E1-4F8F-A5C6-00017DACADA7}.Debug|Any CPU.ActiveCfg = Debug|Any CPU
		{78F441E0-05E1-4F8F-A5C6-00017DACADA7}.Debug|Any CPU.Build.0 = Debug|Any CPU
		{78F441E0-05E1-4F8F-A5C6-00017DACADA7}.Release|Any CPU.ActiveCfg = Release|Any CPU
		{78F441E0-05E1-4F8F-A5C6-00017DACADA7}.Release|Any CPU.Build.0 = Release|Any CPU
		{900DF2C3-6701-4D28-804F-86D4DA739356}.Debug|Any CPU.ActiveCfg = Debug|Any CPU
		{900DF2C3-6701-4D28-804F-86D4DA739356}.Debug|Any CPU.Build.0 = Debug|Any CPU
		{900DF2C3-6701-4D28-804F-86D4DA739356}.Release|Any CPU.ActiveCfg = Release|Any CPU
		{900DF2C3-6701-4D28-804F-86D4DA739356}.Release|Any CPU.Build.0 = Release|Any CPU
		{798E7CD8-7853-465B-8560-C9D1B4F5C8AD}.Debug|Any CPU.ActiveCfg = Debug|Any CPU
		{798E7CD8-7853-465B-8560-C9D1B4F5C8AD}.Debug|Any CPU.Build.0 = Debug|Any CPU
		{798E7CD8-7853-465B-8560-C9D1B4F5C8AD}.Release|Any CPU.ActiveCfg = Release|Any CPU
		{798E7CD8-7853-465B-8560-C9D1B4F5C8AD}.Release|Any CPU.Build.0 = Release|Any CPU
		{2F990E19-7B95-442A-AC62-A88F74280AF1}.Debug|Any CPU.ActiveCfg = Debug|Any CPU
		{2F990E19-7B95-442A-AC62-A88F74280AF1}.Debug|Any CPU.Build.0 = Debug|Any CPU
		{2F990E19-7B95-442A-AC62-A88F74280AF1}.Release|Any CPU.ActiveCfg = Release|Any CPU
		{2F990E19-7B95-442A-AC62-A88F74280AF1}.Release|Any CPU.Build.0 = Release|Any CPU
	EndGlobalSection
	GlobalSection(SolutionProperties) = preSolution
		HideSolutionNode = FALSE
	EndGlobalSection
	GlobalSection(NestedProjects) = preSolution
		{538B5E24-D903-4DB8-9956-EDE8CAC2274C} = {30F03AB0-6ECE-4013-9D92-F5C6783EB7E1}
		{92EACAC0-4500-4D83-BD49-5754A50DAA20} = {30F03AB0-6ECE-4013-9D92-F5C6783EB7E1}
		{D42086F9-ABD9-48F6-8FFB-0D992F3647D1} = {30F03AB0-6ECE-4013-9D92-F5C6783EB7E1}
		{78F441E0-05E1-4F8F-A5C6-00017DACADA7} = {30F03AB0-6ECE-4013-9D92-F5C6783EB7E1}
		{900DF2C3-6701-4D28-804F-86D4DA739356} = {C366C030-56A2-4C5A-81A5-FEF3BD67B428}
		{798E7CD8-7853-465B-8560-C9D1B4F5C8AD} = {C366C030-56A2-4C5A-81A5-FEF3BD67B428}
		{2F990E19-7B95-442A-AC62-A88F74280AF1} = {C366C030-56A2-4C5A-81A5-FEF3BD67B428}
	EndGlobalSection
	GlobalSection(ExtensibilityGlobals) = postSolution
		SolutionGuid = {4D3E1B8F-22B6-4CFF-A536-EA896513B77E}
	EndGlobalSection
EndGlobal
